
Microsoft Visual Studio Solution File, Format Version 12.00
# Visual Studio Version 17
VisualStudioVersion = 17.8.34511.84
MinimumVisualStudioVersion = 10.0.40219.1
Project("{9A19103F-16F7-4668-BE54-9A1E7A4F7556}") = "SingleList", "SingleList\SingleList.csproj", "{A7FAFDD7-8B23-499F-AE64-C493E6124460}"
EndProject
Project("{9A19103F-16F7-4668-BE54-9A1E7A4F7556}") = "DoubleList", "DoubleList\DoubleList.csproj", "{CA5D5840-F604-4655-BE0D-BD502E9AE60D}"
EndProject
Global
	GlobalSection(SolutionConfigurationPlatforms) = preSolution
		Debug|Any CPU = Debug|Any CPU
		Release|Any CPU = Release|Any CPU
	EndGlobalSection
	GlobalSection(ProjectConfigurationPlatforms) = postSolution
		{A7FAFDD7-8B23-499F-AE64-C493E6124460}.Debug|Any CPU.ActiveCfg = Debug|Any CPU
		{A7FAFDD7-8B23-499F-AE64-C493E6124460}.Debug|Any CPU.Build.0 = Debug|Any CPU
		{A7FAFDD7-8B23-499F-AE64-C493E6124460}.Release|Any CPU.ActiveCfg = Release|Any CPU
		{A7FAFDD7-8B23-499F-AE64-C493E6124460}.Release|Any CPU.Build.0 = Release|Any CPU
		{CA5D5840-F604-4655-BE0D-BD502E9AE60D}.Debug|Any CPU.ActiveCfg = Debug|Any CPU
		{CA5D5840-F604-4655-BE0D-BD502E9AE60D}.Debug|Any CPU.Build.0 = Debug|Any CPU
		{CA5D5840-F604-4655-BE0D-BD502E9AE60D}.Release|Any CPU.ActiveCfg = Release|Any CPU
		{CA5D5840-F604-4655-BE0D-BD502E9AE60D}.Release|Any CPU.Build.0 = Release|Any CPU
	EndGlobalSection
	GlobalSection(SolutionProperties) = preSolution
		HideSolutionNode = FALSE
	EndGlobalSection
	GlobalSection(ExtensibilityGlobals) = postSolution
		SolutionGuid = {F63DEA19-747B-432C-84E6-E17CEDD873DE}
	EndGlobalSection
EndGlobal
